
Microsoft Visual Studio Solution File, Format Version 12.00
# Visual Studio Version 17
VisualStudioVersion = 17.14.36414.22
MinimumVisualStudioVersion = 10.0.40219.1
Project("{FAE04EC0-301F-11D3-BF4B-00C04F79EFBC}") = "SistemaMatriculas.API", "SistemaMatriculas.API\SistemaMatriculas.API.csproj", "{1ABC80F1-9FE2-4566-82E1-11C8087E09F6}"
EndProject
Project("{FAE04EC0-301F-11D3-BF4B-00C04F79EFBC}") = "SistemaMatriculas.Lambda", "SistemaMatriculas.Lambda\SistemaMatriculas.Lambda.csproj", "{81427A28-224A-01E4-08B0-9DA0923479A2}"
EndProject
Global
	GlobalSection(SolutionConfigurationPlatforms) = preSolution
		Debug|Any CPU = Debug|Any CPU
		Release|Any CPU = Release|Any CPU
	EndGlobalSection
	GlobalSection(ProjectConfigurationPlatforms) = postSolution
		{1ABC80F1-9FE2-4566-82E1-11C8087E09F6}.Debug|Any CPU.ActiveCfg = Debug|Any CPU
		{1ABC80F1-9FE2-4566-82E1-11C8087E09F6}.Debug|Any CPU.Build.0 = Debug|Any CPU
		{1ABC80F1-9FE2-4566-82E1-11C8087E09F6}.Release|Any CPU.ActiveCfg = Release|Any CPU
		{1ABC80F1-9FE2-4566-82E1-11C8087E09F6}.Release|Any CPU.Build.0 = Release|Any CPU
		{81427A28-224A-01E4-08B0-9DA0923479A2}.Debug|Any CPU.ActiveCfg = Debug|Any CPU
		{81427A28-224A-01E4-08B0-9DA0923479A2}.Debug|Any CPU.Build.0 = Debug|Any CPU
		{81427A28-224A-01E4-08B0-9DA0923479A2}.Release|Any CPU.ActiveCfg = Release|Any CPU
		{81427A28-224A-01E4-08B0-9DA0923479A2}.Release|Any CPU.Build.0 = Release|Any CPU
	EndGlobalSection
	GlobalSection(SolutionProperties) = preSolution
		HideSolutionNode = FALSE
	EndGlobalSection
	GlobalSection(ExtensibilityGlobals) = postSolution
		SolutionGuid = {5E5766FE-5013-4DE6-A7E1-3C99D686DEA9}
	EndGlobalSection
EndGlobal
